
Microsoft Visual Studio Solution File, Format Version 12.00
# Visual Studio 15
VisualStudioVersion = 15.0.26228.9
MinimumVisualStudioVersion = 10.0.40219.1
Project("{FAE04EC0-301F-11D3-BF4B-00C04F79EFBC}") = "Northwind.DataDBSpecific", "DbSpecific\Northwind.DataDBSpecific.csproj", "{36759884-C5DA-42A9-A90E-FDDDD0FC301C}"
EndProject
Project("{2150E333-8FDC-42A3-9474-1A3956D46DE8}") = "Data", "Data", "{7D54486C-3B52-4214-897E-D915D553DC34}"
EndProject
Project("{FAE04EC0-301F-11D3-BF4B-00C04F79EFBC}") = "Northwind.Data.ServiceRepositories", "ServiceSpecific\Northwind.Data.ServiceRepositories.csproj", "{E3740FE0-A708-49A7-8F3B-AB8C369F0AD6}"
EndProject
Project("{FAE04EC0-301F-11D3-BF4B-00C04F79EFBC}") = "Northwind.Data.Services", "ServiceGeneric\Northwind.Data.Services.csproj", "{BE62F222-BD2C-45D6-AFFB-52ED5A243EB0}"
EndProject
Project("{FAE04EC0-301F-11D3-BF4B-00C04F79EFBC}") = "ConsoleHost", "Hosts\ConsoleHost\ConsoleHost.csproj", "{C5528A9C-4565-409B-9457-92A0561C8847}"
EndProject
Project("{2150E333-8FDC-42A3-9474-1A3956D46DE8}") = "Services", "Services", "{06DDC51F-D558-41D4-B694-55E74EE3FBBC}"
EndProject
Project("{FAE04EC0-301F-11D3-BF4B-00C04F79EFBC}") = "Northwind.Data", "DbGeneric\Northwind.Data.csproj", "{B81D0E85-E5CB-432D-8832-5C02D28D912D}"
EndProject
Project("{2150E333-8FDC-42A3-9474-1A3956D46DE8}") = "Hosts", "Hosts", "{A2071B2C-D7CA-41CE-BDFA-EFBB32B780AC}"
EndProject
Project("{2150E333-8FDC-42A3-9474-1A3956D46DE8}") = "Solution Items", "Solution Items", "{8E739928-51A8-4CB9-8679-5597598AF926}"
	ProjectSection(SolutionItems) = preProject
		..\.gitignore = ..\.gitignore
	EndProjectSection
EndProject
Global
	GlobalSection(SolutionConfigurationPlatforms) = preSolution
		Debug|Any CPU = Debug|Any CPU
		Release|Any CPU = Release|Any CPU
	EndGlobalSection
	GlobalSection(ProjectConfigurationPlatforms) = postSolution
		{36759884-C5DA-42A9-A90E-FDDDD0FC301C}.Debug|Any CPU.ActiveCfg = Debug|Any CPU
		{36759884-C5DA-42A9-A90E-FDDDD0FC301C}.Debug|Any CPU.Build.0 = Debug|Any CPU
		{36759884-C5DA-42A9-A90E-FDDDD0FC301C}.Release|Any CPU.ActiveCfg = Release|Any CPU
		{36759884-C5DA-42A9-A90E-FDDDD0FC301C}.Release|Any CPU.Build.0 = Release|Any CPU
		{E3740FE0-A708-49A7-8F3B-AB8C369F0AD6}.Debug|Any CPU.ActiveCfg = Debug|Any CPU
		{E3740FE0-A708-49A7-8F3B-AB8C369F0AD6}.Debug|Any CPU.Build.0 = Debug|Any CPU
		{E3740FE0-A708-49A7-8F3B-AB8C369F0AD6}.Release|Any CPU.ActiveCfg = Release|Any CPU
		{E3740FE0-A708-49A7-8F3B-AB8C369F0AD6}.Release|Any CPU.Build.0 = Release|Any CPU
		{BE62F222-BD2C-45D6-AFFB-52ED5A243EB0}.Debug|Any CPU.ActiveCfg = Debug|Any CPU
		{BE62F222-BD2C-45D6-AFFB-52ED5A243EB0}.Debug|Any CPU.Build.0 = Debug|Any CPU
		{BE62F222-BD2C-45D6-AFFB-52ED5A243EB0}.Release|Any CPU.ActiveCfg = Release|Any CPU
		{BE62F222-BD2C-45D6-AFFB-52ED5A243EB0}.Release|Any CPU.Build.0 = Release|Any CPU
		{C5528A9C-4565-409B-9457-92A0561C8847}.Debug|Any CPU.ActiveCfg = Debug|Any CPU
		{C5528A9C-4565-409B-9457-92A0561C8847}.Debug|Any CPU.Build.0 = Debug|Any CPU
		{C5528A9C-4565-409B-9457-92A0561C8847}.Release|Any CPU.ActiveCfg = Release|Any CPU
		{C5528A9C-4565-409B-9457-92A0561C8847}.Release|Any CPU.Build.0 = Release|Any CPU
		{B81D0E85-E5CB-432D-8832-5C02D28D912D}.Debug|Any CPU.ActiveCfg = Debug|Any CPU
		{B81D0E85-E5CB-432D-8832-5C02D28D912D}.Debug|Any CPU.Build.0 = Debug|Any CPU
		{B81D0E85-E5CB-432D-8832-5C02D28D912D}.Release|Any CPU.ActiveCfg = Release|Any CPU
		{B81D0E85-E5CB-432D-8832-5C02D28D912D}.Release|Any CPU.Build.0 = Release|Any CPU
	EndGlobalSection
	GlobalSection(SolutionProperties) = preSolution
		HideSolutionNode = FALSE
	EndGlobalSection
	GlobalSection(NestedProjects) = preSolution
		{36759884-C5DA-42A9-A90E-FDDDD0FC301C} = {7D54486C-3B52-4214-897E-D915D553DC34}
		{E3740FE0-A708-49A7-8F3B-AB8C369F0AD6} = {06DDC51F-D558-41D4-B694-55E74EE3FBBC}
		{BE62F222-BD2C-45D6-AFFB-52ED5A243EB0} = {06DDC51F-D558-41D4-B694-55E74EE3FBBC}
		{C5528A9C-4565-409B-9457-92A0561C8847} = {A2071B2C-D7CA-41CE-BDFA-EFBB32B780AC}
		{B81D0E85-E5CB-432D-8832-5C02D28D912D} = {7D54486C-3B52-4214-897E-D915D553DC34}
	EndGlobalSection
EndGlobal
